
Microsoft Visual Studio Solution File, Format Version 12.00
# Visual Studio Version 17
VisualStudioVersion = 17.13.35931.197 d17.13
MinimumVisualStudioVersion = 10.0.40219.1
Project("{54A90642-561A-4BB1-A94E-469ADEE60C69}") = "appvulntracker.client", "appvulntracker.client\appvulntracker.client.esproj", "{7B7B9D86-F945-6329-5BCF-E0E3F3C3E5B5}"
EndProject
Project("{FAE04EC0-301F-11D3-BF4B-00C04F79EFBC}") = "AppVulnTracker.Server", "AppVulnTracker.Server\AppVulnTracker.Server.csproj", "{2140A686-3422-43EF-A846-46F1BA9930CD}"
EndProject
Global
	GlobalSection(SolutionConfigurationPlatforms) = preSolution
		Debug|Any CPU = Debug|Any CPU
		Release|Any CPU = Release|Any CPU
	EndGlobalSection
	GlobalSection(ProjectConfigurationPlatforms) = postSolution
		{7B7B9D86-F945-6329-5BCF-E0E3F3C3E5B5}.Debug|Any CPU.ActiveCfg = Debug|Any CPU
		{7B7B9D86-F945-6329-5BCF-E0E3F3C3E5B5}.Debug|Any CPU.Build.0 = Debug|Any CPU
		{7B7B9D86-F945-6329-5BCF-E0E3F3C3E5B5}.Debug|Any CPU.Deploy.0 = Debug|Any CPU
		{7B7B9D86-F945-6329-5BCF-E0E3F3C3E5B5}.Release|Any CPU.ActiveCfg = Release|Any CPU
		{7B7B9D86-F945-6329-5BCF-E0E3F3C3E5B5}.Release|Any CPU.Build.0 = Release|Any CPU
		{7B7B9D86-F945-6329-5BCF-E0E3F3C3E5B5}.Release|Any CPU.Deploy.0 = Release|Any CPU
		{2140A686-3422-43EF-A846-46F1BA9930CD}.Debug|Any CPU.ActiveCfg = Debug|Any CPU
		{2140A686-3422-43EF-A846-46F1BA9930CD}.Debug|Any CPU.Build.0 = Debug|Any CPU
		{2140A686-3422-43EF-A846-46F1BA9930CD}.Release|Any CPU.ActiveCfg = Release|Any CPU
		{2140A686-3422-43EF-A846-46F1BA9930CD}.Release|Any CPU.Build.0 = Release|Any CPU
	EndGlobalSection
	GlobalSection(SolutionProperties) = preSolution
		HideSolutionNode = FALSE
	EndGlobalSection
	GlobalSection(ExtensibilityGlobals) = postSolution
		SolutionGuid = {0FED21DA-B10F-4675-86EA-6E57F2BD6770}
	EndGlobalSection
EndGlobal
